// !$*UTF8*$!
{
	archiveVersion = 1;
	classes = {
	};
	objectVersion = 51;
	objects = {

/* Begin PBXBuildFile section */
		0B1B06792BCD6782940878A4 /* Pods_ZemogaPost.framework in Frameworks */ = {isa = PBXBuildFile; fileRef = 7B6A83781D0859E305BA5D6C /* Pods_ZemogaPost.framework */; };
		626C0BB720F7828C66BDFB10 /* Pods_ZemogaPostTests.framework in Frameworks */ = {isa = PBXBuildFile; fileRef = AC3959AAC3906A4BD42A924A /* Pods_ZemogaPostTests.framework */; };
		BE26E7A32585BF430086C66B /* ShellWebService.swift in Sources */ = {isa = PBXBuildFile; fileRef = BE26E7A22585BF430086C66B /* ShellWebService.swift */; };
		BE26E7A82585C0720086C66B /* GlobalConstant.swift in Sources */ = {isa = PBXBuildFile; fileRef = BE26E7A72585C0720086C66B /* GlobalConstant.swift */; };
		BE26E7AD2585C4BF0086C66B /* BaseViewController.swift in Sources */ = {isa = PBXBuildFile; fileRef = BE26E7AC2585C4BF0086C66B /* BaseViewController.swift */; };
		BE26E7B22585C5BE0086C66B /* Presenter.swift in Sources */ = {isa = PBXBuildFile; fileRef = BE26E7B12585C5BE0086C66B /* Presenter.swift */; };
		BE26E7BA2585CEB40086C66B /* Post.swift in Sources */ = {isa = PBXBuildFile; fileRef = BE26E7B92585CEB40086C66B /* Post.swift */; };
		BE26E7C92585D6430086C66B /* Extension.swift in Sources */ = {isa = PBXBuildFile; fileRef = BE26E7C82585D6430086C66B /* Extension.swift */; };
		BE547F8D2585741C004874D8 /* AppDelegate.swift in Sources */ = {isa = PBXBuildFile; fileRef = BE547F8C2585741C004874D8 /* AppDelegate.swift */; };
		BE547F8F2585741C004874D8 /* SceneDelegate.swift in Sources */ = {isa = PBXBuildFile; fileRef = BE547F8E2585741C004874D8 /* SceneDelegate.swift */; };
		BE547F942585741C004874D8 /* Main.storyboard in Resources */ = {isa = PBXBuildFile; fileRef = BE547F922585741C004874D8 /* Main.storyboard */; };
		BE547F972585741C004874D8 /* ZemogaPost.xcdatamodeld in Sources */ = {isa = PBXBuildFile; fileRef = BE547F952585741C004874D8 /* ZemogaPost.xcdatamodeld */; };
		BE547F992585741E004874D8 /* Assets.xcassets in Resources */ = {isa = PBXBuildFile; fileRef = BE547F982585741E004874D8 /* Assets.xcassets */; };
		BE547F9C2585741E004874D8 /* LaunchScreen.storyboard in Resources */ = {isa = PBXBuildFile; fileRef = BE547F9A2585741E004874D8 /* LaunchScreen.storyboard */; };
		BE547FA72585741E004874D8 /* ZemogaPostTests.swift in Sources */ = {isa = PBXBuildFile; fileRef = BE547FA62585741E004874D8 /* ZemogaPostTests.swift */; };
		BE547FB22585741E004874D8 /* ZemogaPostUITests.swift in Sources */ = {isa = PBXBuildFile; fileRef = BE547FB12585741E004874D8 /* ZemogaPostUITests.swift */; };
		BE80C89A25858BEA00CB2A46 /* PostViewController.swift in Sources */ = {isa = PBXBuildFile; fileRef = BE80C89925858BEA00CB2A46 /* PostViewController.swift */; };
		BE80C8A225858C0F00CB2A46 /* PostPresenter.swift in Sources */ = {isa = PBXBuildFile; fileRef = BE80C8A125858C0F00CB2A46 /* PostPresenter.swift */; };
		BE80C8AF25858C7300CB2A46 /* DetailPostViewController.swift in Sources */ = {isa = PBXBuildFile; fileRef = BE80C8AE25858C7300CB2A46 /* DetailPostViewController.swift */; };
		BE80C8B425858DC100CB2A46 /* DetailPostPresenter.swift in Sources */ = {isa = PBXBuildFile; fileRef = BE80C8B325858DC100CB2A46 /* DetailPostPresenter.swift */; };
		BE80C8B92585915C00CB2A46 /* PostTableViewCell.swift in Sources */ = {isa = PBXBuildFile; fileRef = BE80C8B82585915C00CB2A46 /* PostTableViewCell.swift */; };
		BE80C8BE258597C800CB2A46 /* DetailPostTableViewCell.swift in Sources */ = {isa = PBXBuildFile; fileRef = BE80C8BD258597C800CB2A46 /* DetailPostTableViewCell.swift */; };
		BEC55E422586755E007CF7D2 /* User.swift in Sources */ = {isa = PBXBuildFile; fileRef = BEC55E412586755E007CF7D2 /* User.swift */; };
		BEC55E4725867573007CF7D2 /* Comment.swift in Sources */ = {isa = PBXBuildFile; fileRef = BEC55E4625867573007CF7D2 /* Comment.swift */; };
		BEC55E5025868859007CF7D2 /* SessionManager.swift in Sources */ = {isa = PBXBuildFile; fileRef = BEC55E4F25868859007CF7D2 /* SessionManager.swift */; };
		BEC55EB42586E6FD007CF7D2 /* Localizable.strings in Resources */ = {isa = PBXBuildFile; fileRef = BEC55EB62586E6FD007CF7D2 /* Localizable.strings */; };
		C19A4BFA219F64E8AB578348 /* Pods_ZemogaPost_ZemogaPostUITests.framework in Frameworks */ = {isa = PBXBuildFile; fileRef = 390C1BBFF37F0944728C9ABB /* Pods_ZemogaPost_ZemogaPostUITests.framework */; };
/* End PBXBuildFile section */

/* Begin PBXContainerItemProxy section */
		BE547FA32585741E004874D8 /* PBXContainerItemProxy */ = {
			isa = PBXContainerItemProxy;
			containerPortal = BE547F812585741C004874D8 /* Project object */;
			proxyType = 1;
			remoteGlobalIDString = BE547F882585741C004874D8;
			remoteInfo = ZemogaPost;
		};
		BE547FAE2585741E004874D8 /* PBXContainerItemProxy */ = {
			isa = PBXContainerItemProxy;
			containerPortal = BE547F812585741C004874D8 /* Project object */;
			proxyType = 1;
			remoteGlobalIDString = BE547F882585741C004874D8;
			remoteInfo = ZemogaPost;
		};
/* End PBXContainerItemProxy section */

/* Begin PBXFileReference section */
		1775B7B3242AC71D0D4D1323 /* Pods-ZemogaPostTests.production.xcconfig */ = {isa = PBXFileReference; includeInIndex = 1; lastKnownFileType = text.xcconfig; name = "Pods-ZemogaPostTests.production.xcconfig"; path = "Target Support Files/Pods-ZemogaPostTests/Pods-ZemogaPostTests.production.xcconfig"; sourceTree = "<group>"; };
		29BA2B2952055016F448CC1D /* Pods-ZemogaPost-ZemogaPostUITests.production.xcconfig */ = {isa = PBXFileReference; includeInIndex = 1; lastKnownFileType = text.xcconfig; name = "Pods-ZemogaPost-ZemogaPostUITests.production.xcconfig"; path = "Target Support Files/Pods-ZemogaPost-ZemogaPostUITests/Pods-ZemogaPost-ZemogaPostUITests.production.xcconfig"; sourceTree = "<group>"; };
		390C1BBFF37F0944728C9ABB /* Pods_ZemogaPost_ZemogaPostUITests.framework */ = {isa = PBXFileReference; explicitFileType = wrapper.framework; includeInIndex = 0; path = Pods_ZemogaPost_ZemogaPostUITests.framework; sourceTree = BUILT_PRODUCTS_DIR; };
		61E9D07CFC5AB1C8D546F6FD /* Pods-ZemogaPostTests.development.xcconfig */ = {isa = PBXFileReference; includeInIndex = 1; lastKnownFileType = text.xcconfig; name = "Pods-ZemogaPostTests.development.xcconfig"; path = "Target Support Files/Pods-ZemogaPostTests/Pods-ZemogaPostTests.development.xcconfig"; sourceTree = "<group>"; };
		7B6A83781D0859E305BA5D6C /* Pods_ZemogaPost.framework */ = {isa = PBXFileReference; explicitFileType = wrapper.framework; includeInIndex = 0; path = Pods_ZemogaPost.framework; sourceTree = BUILT_PRODUCTS_DIR; };
		7BDAC80D616800C03D690B9A /* Pods-ZemogaPost.production.xcconfig */ = {isa = PBXFileReference; includeInIndex = 1; lastKnownFileType = text.xcconfig; name = "Pods-ZemogaPost.production.xcconfig"; path = "Target Support Files/Pods-ZemogaPost/Pods-ZemogaPost.production.xcconfig"; sourceTree = "<group>"; };
		8601CD129F5E18B666DAC648 /* Pods-ZemogaPost-ZemogaPostUITests.release.xcconfig */ = {isa = PBXFileReference; includeInIndex = 1; lastKnownFileType = text.xcconfig; name = "Pods-ZemogaPost-ZemogaPostUITests.release.xcconfig"; path = "Target Support Files/Pods-ZemogaPost-ZemogaPostUITests/Pods-ZemogaPost-ZemogaPostUITests.release.xcconfig"; sourceTree = "<group>"; };
		9894EC1309CB0163D308857C /* Pods-ZemogaPost.debug.xcconfig */ = {isa = PBXFileReference; includeInIndex = 1; lastKnownFileType = text.xcconfig; name = "Pods-ZemogaPost.debug.xcconfig"; path = "Target Support Files/Pods-ZemogaPost/Pods-ZemogaPost.debug.xcconfig"; sourceTree = "<group>"; };
		AC3959AAC3906A4BD42A924A /* Pods_ZemogaPostTests.framework */ = {isa = PBXFileReference; explicitFileType = wrapper.framework; includeInIndex = 0; path = Pods_ZemogaPostTests.framework; sourceTree = BUILT_PRODUCTS_DIR; };
		B2174BADE43ABBD0CEE88941 /* Pods-ZemogaPostTests.debug.xcconfig */ = {isa = PBXFileReference; includeInIndex = 1; lastKnownFileType = text.xcconfig; name = "Pods-ZemogaPostTests.debug.xcconfig"; path = "Target Support Files/Pods-ZemogaPostTests/Pods-ZemogaPostTests.debug.xcconfig"; sourceTree = "<group>"; };
		BE26E7A22585BF430086C66B /* ShellWebService.swift */ = {isa = PBXFileReference; lastKnownFileType = sourcecode.swift; path = ShellWebService.swift; sourceTree = "<group>"; };
		BE26E7A72585C0720086C66B /* GlobalConstant.swift */ = {isa = PBXFileReference; lastKnownFileType = sourcecode.swift; path = GlobalConstant.swift; sourceTree = "<group>"; };
		BE26E7AC2585C4BF0086C66B /* BaseViewController.swift */ = {isa = PBXFileReference; lastKnownFileType = sourcecode.swift; path = BaseViewController.swift; sourceTree = "<group>"; };
		BE26E7B12585C5BE0086C66B /* Presenter.swift */ = {isa = PBXFileReference; lastKnownFileType = sourcecode.swift; path = Presenter.swift; sourceTree = "<group>"; };
		BE26E7B92585CEB40086C66B /* Post.swift */ = {isa = PBXFileReference; lastKnownFileType = sourcecode.swift; path = Post.swift; sourceTree = "<group>"; };
		BE26E7C82585D6430086C66B /* Extension.swift */ = {isa = PBXFileReference; lastKnownFileType = sourcecode.swift; path = Extension.swift; sourceTree = "<group>"; };
		BE547F892585741C004874D8 /* ZemogaPost.app */ = {isa = PBXFileReference; explicitFileType = wrapper.application; includeInIndex = 0; path = ZemogaPost.app; sourceTree = BUILT_PRODUCTS_DIR; };
		BE547F8C2585741C004874D8 /* AppDelegate.swift */ = {isa = PBXFileReference; lastKnownFileType = sourcecode.swift; path = AppDelegate.swift; sourceTree = "<group>"; };
		BE547F8E2585741C004874D8 /* SceneDelegate.swift */ = {isa = PBXFileReference; lastKnownFileType = sourcecode.swift; path = SceneDelegate.swift; sourceTree = "<group>"; };
		BE547F932585741C004874D8 /* Base */ = {isa = PBXFileReference; lastKnownFileType = file.storyboard; name = Base; path = Base.lproj/Main.storyboard; sourceTree = "<group>"; };
		BE547F962585741C004874D8 /* ZemogaPost.xcdatamodel */ = {isa = PBXFileReference; lastKnownFileType = wrapper.xcdatamodel; path = ZemogaPost.xcdatamodel; sourceTree = "<group>"; };
		BE547F982585741E004874D8 /* Assets.xcassets */ = {isa = PBXFileReference; lastKnownFileType = folder.assetcatalog; path = Assets.xcassets; sourceTree = "<group>"; };
		BE547F9B2585741E004874D8 /* Base */ = {isa = PBXFileReference; lastKnownFileType = file.storyboard; name = Base; path = Base.lproj/LaunchScreen.storyboard; sourceTree = "<group>"; };
		BE547F9D2585741E004874D8 /* Info.plist */ = {isa = PBXFileReference; lastKnownFileType = text.plist.xml; path = Info.plist; sourceTree = "<group>"; };
		BE547FA22585741E004874D8 /* ZemogaPostTests.xctest */ = {isa = PBXFileReference; explicitFileType = wrapper.cfbundle; includeInIndex = 0; path = ZemogaPostTests.xctest; sourceTree = BUILT_PRODUCTS_DIR; };
		BE547FA62585741E004874D8 /* ZemogaPostTests.swift */ = {isa = PBXFileReference; lastKnownFileType = sourcecode.swift; path = ZemogaPostTests.swift; sourceTree = "<group>"; };
		BE547FA82585741E004874D8 /* Info.plist */ = {isa = PBXFileReference; lastKnownFileType = text.plist.xml; path = Info.plist; sourceTree = "<group>"; };
		BE547FAD2585741E004874D8 /* ZemogaPostUITests.xctest */ = {isa = PBXFileReference; explicitFileType = wrapper.cfbundle; includeInIndex = 0; path = ZemogaPostUITests.xctest; sourceTree = BUILT_PRODUCTS_DIR; };
		BE547FB12585741E004874D8 /* ZemogaPostUITests.swift */ = {isa = PBXFileReference; lastKnownFileType = sourcecode.swift; path = ZemogaPostUITests.swift; sourceTree = "<group>"; };
		BE547FB32585741F004874D8 /* Info.plist */ = {isa = PBXFileReference; lastKnownFileType = text.plist.xml; path = Info.plist; sourceTree = "<group>"; };
		BE80C89925858BEA00CB2A46 /* PostViewController.swift */ = {isa = PBXFileReference; lastKnownFileType = sourcecode.swift; path = PostViewController.swift; sourceTree = "<group>"; };
		BE80C8A125858C0F00CB2A46 /* PostPresenter.swift */ = {isa = PBXFileReference; lastKnownFileType = sourcecode.swift; path = PostPresenter.swift; sourceTree = "<group>"; };
		BE80C8AE25858C7300CB2A46 /* DetailPostViewController.swift */ = {isa = PBXFileReference; lastKnownFileType = sourcecode.swift; path = DetailPostViewController.swift; sourceTree = "<group>"; };
		BE80C8B325858DC100CB2A46 /* DetailPostPresenter.swift */ = {isa = PBXFileReference; lastKnownFileType = sourcecode.swift; path = DetailPostPresenter.swift; sourceTree = "<group>"; };
		BE80C8B82585915C00CB2A46 /* PostTableViewCell.swift */ = {isa = PBXFileReference; lastKnownFileType = sourcecode.swift; path = PostTableViewCell.swift; sourceTree = "<group>"; };
		BE80C8BD258597C800CB2A46 /* DetailPostTableViewCell.swift */ = {isa = PBXFileReference; lastKnownFileType = sourcecode.swift; path = DetailPostTableViewCell.swift; sourceTree = "<group>"; };
		BEC55E412586755E007CF7D2 /* User.swift */ = {isa = PBXFileReference; lastKnownFileType = sourcecode.swift; path = User.swift; sourceTree = "<group>"; };
		BEC55E4625867573007CF7D2 /* Comment.swift */ = {isa = PBXFileReference; lastKnownFileType = sourcecode.swift; path = Comment.swift; sourceTree = "<group>"; };
		BEC55E4F25868859007CF7D2 /* SessionManager.swift */ = {isa = PBXFileReference; lastKnownFileType = sourcecode.swift; path = SessionManager.swift; sourceTree = "<group>"; };
		BEC55EAA2586E4B7007CF7D2 /* en */ = {isa = PBXFileReference; lastKnownFileType = text.plist.strings; name = en; path = en.lproj/Main.strings; sourceTree = "<group>"; };
		BEC55EB52586E6FD007CF7D2 /* en */ = {isa = PBXFileReference; lastKnownFileType = text.plist.strings; name = en; path = en.lproj/Localizable.strings; sourceTree = "<group>"; };
		C220B23DE0874666AC8B77BA /* Pods-ZemogaPost.development.xcconfig */ = {isa = PBXFileReference; includeInIndex = 1; lastKnownFileType = text.xcconfig; name = "Pods-ZemogaPost.development.xcconfig"; path = "Target Support Files/Pods-ZemogaPost/Pods-ZemogaPost.development.xcconfig"; sourceTree = "<group>"; };
		C40D351657B3E4EADCA12CF8 /* Pods-ZemogaPost-ZemogaPostUITests.debug.xcconfig */ = {isa = PBXFileReference; includeInIndex = 1; lastKnownFileType = text.xcconfig; name = "Pods-ZemogaPost-ZemogaPostUITests.debug.xcconfig"; path = "Target Support Files/Pods-ZemogaPost-ZemogaPostUITests/Pods-ZemogaPost-ZemogaPostUITests.debug.xcconfig"; sourceTree = "<group>"; };
		DD54A447C2D460EBDDB490EC /* Pods-ZemogaPost.release.xcconfig */ = {isa = PBXFileReference; includeInIndex = 1; lastKnownFileType = text.xcconfig; name = "Pods-ZemogaPost.release.xcconfig"; path = "Target Support Files/Pods-ZemogaPost/Pods-ZemogaPost.release.xcconfig"; sourceTree = "<group>"; };
		F49BFE9476515FCEF7699F4D /* Pods-ZemogaPost-ZemogaPostUITests.development.xcconfig */ = {isa = PBXFileReference; includeInIndex = 1; lastKnownFileType = text.xcconfig; name = "Pods-ZemogaPost-ZemogaPostUITests.development.xcconfig"; path = "Target Support Files/Pods-ZemogaPost-ZemogaPostUITests/Pods-ZemogaPost-ZemogaPostUITests.development.xcconfig"; sourceTree = "<group>"; };
		F73B9E7DE4F2A79D42A49AAD /* Pods-ZemogaPostTests.release.xcconfig */ = {isa = PBXFileReference; includeInIndex = 1; lastKnownFileType = text.xcconfig; name = "Pods-ZemogaPostTests.release.xcconfig"; path = "Target Support Files/Pods-ZemogaPostTests/Pods-ZemogaPostTests.release.xcconfig"; sourceTree = "<group>"; };
/* End PBXFileReference section */

/* Begin PBXFrameworksBuildPhase section */
		BE547F862585741C004874D8 /* Frameworks */ = {
			isa = PBXFrameworksBuildPhase;
			buildActionMask = 2147483647;
			files = (
				0B1B06792BCD6782940878A4 /* Pods_ZemogaPost.framework in Frameworks */,
			);
			runOnlyForDeploymentPostprocessing = 0;
		};
		BE547F9F2585741E004874D8 /* Frameworks */ = {
			isa = PBXFrameworksBuildPhase;
			buildActionMask = 2147483647;
			files = (
				626C0BB720F7828C66BDFB10 /* Pods_ZemogaPostTests.framework in Frameworks */,
			);
			runOnlyForDeploymentPostprocessing = 0;
		};
		BE547FAA2585741E004874D8 /* Frameworks */ = {
			isa = PBXFrameworksBuildPhase;
			buildActionMask = 2147483647;
			files = (
				C19A4BFA219F64E8AB578348 /* Pods_ZemogaPost_ZemogaPostUITests.framework in Frameworks */,
			);
			runOnlyForDeploymentPostprocessing = 0;
		};
/* End PBXFrameworksBuildPhase section */

/* Begin PBXGroup section */
		70259EB3CC2C4052CFA1F816 /* Frameworks */ = {
			isa = PBXGroup;
			children = (
				7B6A83781D0859E305BA5D6C /* Pods_ZemogaPost.framework */,
				390C1BBFF37F0944728C9ABB /* Pods_ZemogaPost_ZemogaPostUITests.framework */,
				AC3959AAC3906A4BD42A924A /* Pods_ZemogaPostTests.framework */,
			);
			name = Frameworks;
			sourceTree = "<group>";
		};
		BE26E79B2585BEAB0086C66B /* Service */ = {
			isa = PBXGroup;
			children = (
				BE26E7A22585BF430086C66B /* ShellWebService.swift */,
			);
			path = Service;
			sourceTree = "<group>";
		};
		BE26E79C2585BEBC0086C66B /* Model */ = {
			isa = PBXGroup;
			children = (
				BE26E7B92585CEB40086C66B /* Post.swift */,
				BEC55E412586755E007CF7D2 /* User.swift */,
				BEC55E4625867573007CF7D2 /* Comment.swift */,
			);
			path = Model;
			sourceTree = "<group>";
		};
		BE547F802585741C004874D8 = {
			isa = PBXGroup;
			children = (
				BE547F8B2585741C004874D8 /* ZemogaPost */,
				BE547FA52585741E004874D8 /* ZemogaPostTests */,
				BE547FB02585741E004874D8 /* ZemogaPostUITests */,
				BE547F8A2585741C004874D8 /* Products */,
				CB314A7FF5C80D232D432D03 /* Pods */,
				70259EB3CC2C4052CFA1F816 /* Frameworks */,
			);
			sourceTree = "<group>";
		};
		BE547F8A2585741C004874D8 /* Products */ = {
			isa = PBXGroup;
			children = (
				BE547F892585741C004874D8 /* ZemogaPost.app */,
				BE547FA22585741E004874D8 /* ZemogaPostTests.xctest */,
				BE547FAD2585741E004874D8 /* ZemogaPostUITests.xctest */,
			);
			name = Products;
			sourceTree = "<group>";
		};
		BE547F8B2585741C004874D8 /* ZemogaPost */ = {
			isa = PBXGroup;
			children = (
				BE547FD02585866A004874D8 /* Configuration Controllers */,
				BE26E79C2585BEBC0086C66B /* Model */,
				BE26E79B2585BEAB0086C66B /* Service */,
				BEC55E4E2586884B007CF7D2 /* Utils */,
				BEC55EAE2586E524007CF7D2 /* Resources */,
				BE547F9D2585741E004874D8 /* Info.plist */,
				BE547F952585741C004874D8 /* ZemogaPost.xcdatamodeld */,
			);
			path = ZemogaPost;
			sourceTree = "<group>";
		};
		BE547FA52585741E004874D8 /* ZemogaPostTests */ = {
			isa = PBXGroup;
			children = (
				BE547FA62585741E004874D8 /* ZemogaPostTests.swift */,
				BE547FA82585741E004874D8 /* Info.plist */,
			);
			path = ZemogaPostTests;
			sourceTree = "<group>";
		};
		BE547FB02585741E004874D8 /* ZemogaPostUITests */ = {
			isa = PBXGroup;
			children = (
				BE547FB12585741E004874D8 /* ZemogaPostUITests.swift */,
				BE547FB32585741F004874D8 /* Info.plist */,
			);
			path = ZemogaPostUITests;
			sourceTree = "<group>";
		};
		BE547FD02585866A004874D8 /* Configuration Controllers */ = {
			isa = PBXGroup;
			children = (
				BE26E7AC2585C4BF0086C66B /* BaseViewController.swift */,
				BE26E7B12585C5BE0086C66B /* Presenter.swift */,
				BE547FD12585866A004874D8 /* Post */,
				BE80C89825858BD400CB2A46 /* DetailPost */,
			);
			path = "Configuration Controllers";
			sourceTree = "<group>";
		};
		BE547FD12585866A004874D8 /* Post */ = {
			isa = PBXGroup;
			children = (
				BE80C8A125858C0F00CB2A46 /* PostPresenter.swift */,
				BE80C89925858BEA00CB2A46 /* PostViewController.swift */,
				BE80C8B82585915C00CB2A46 /* PostTableViewCell.swift */,
			);
			path = Post;
			sourceTree = "<group>";
		};
		BE80C89825858BD400CB2A46 /* DetailPost */ = {
			isa = PBXGroup;
			children = (
				BE80C8B325858DC100CB2A46 /* DetailPostPresenter.swift */,
				BE80C8AE25858C7300CB2A46 /* DetailPostViewController.swift */,
				BE80C8BD258597C800CB2A46 /* DetailPostTableViewCell.swift */,
			);
			path = DetailPost;
			sourceTree = "<group>";
		};
		BEC55E4E2586884B007CF7D2 /* Utils */ = {
			isa = PBXGroup;
			children = (
				BEC55E4F25868859007CF7D2 /* SessionManager.swift */,
				BE26E7C82585D6430086C66B /* Extension.swift */,
			);
			path = Utils;
			sourceTree = "<group>";
		};
		BEC55EAE2586E524007CF7D2 /* Resources */ = {
			isa = PBXGroup;
			children = (
				BEC55EB02586E564007CF7D2 /* Aplications */,
				BEC55EAF2586E54D007CF7D2 /* Storyboards */,
				BE547F982585741E004874D8 /* Assets.xcassets */,
				BEC55EB62586E6FD007CF7D2 /* Localizable.strings */,
				BE26E7A72585C0720086C66B /* GlobalConstant.swift */,
			);
			path = Resources;
			sourceTree = "<group>";
		};
		BEC55EAF2586E54D007CF7D2 /* Storyboards */ = {
			isa = PBXGroup;
			children = (
				BE547F922585741C004874D8 /* Main.storyboard */,
				BE547F9A2585741E004874D8 /* LaunchScreen.storyboard */,
			);
			path = Storyboards;
			sourceTree = "<group>";
		};
		BEC55EB02586E564007CF7D2 /* Aplications */ = {
			isa = PBXGroup;
			children = (
				BE547F8E2585741C004874D8 /* SceneDelegate.swift */,
				BE547F8C2585741C004874D8 /* AppDelegate.swift */,
			);
			path = Aplications;
			sourceTree = "<group>";
		};
		CB314A7FF5C80D232D432D03 /* Pods */ = {
			isa = PBXGroup;
			children = (
				9894EC1309CB0163D308857C /* Pods-ZemogaPost.debug.xcconfig */,
				C220B23DE0874666AC8B77BA /* Pods-ZemogaPost.development.xcconfig */,
				DD54A447C2D460EBDDB490EC /* Pods-ZemogaPost.release.xcconfig */,
				7BDAC80D616800C03D690B9A /* Pods-ZemogaPost.production.xcconfig */,
				C40D351657B3E4EADCA12CF8 /* Pods-ZemogaPost-ZemogaPostUITests.debug.xcconfig */,
				F49BFE9476515FCEF7699F4D /* Pods-ZemogaPost-ZemogaPostUITests.development.xcconfig */,
				8601CD129F5E18B666DAC648 /* Pods-ZemogaPost-ZemogaPostUITests.release.xcconfig */,
				29BA2B2952055016F448CC1D /* Pods-ZemogaPost-ZemogaPostUITests.production.xcconfig */,
				B2174BADE43ABBD0CEE88941 /* Pods-ZemogaPostTests.debug.xcconfig */,
				61E9D07CFC5AB1C8D546F6FD /* Pods-ZemogaPostTests.development.xcconfig */,
				F73B9E7DE4F2A79D42A49AAD /* Pods-ZemogaPostTests.release.xcconfig */,
				1775B7B3242AC71D0D4D1323 /* Pods-ZemogaPostTests.production.xcconfig */,
			);
			path = Pods;
			sourceTree = "<group>";
		};
/* End PBXGroup section */

/* Begin PBXNativeTarget section */
		BE547F882585741C004874D8 /* ZemogaPost */ = {
			isa = PBXNativeTarget;
			buildConfigurationList = BE547FB62585741F004874D8 /* Build configuration list for PBXNativeTarget "ZemogaPost" */;
			buildPhases = (
				51069CAF5CB1569E49970D52 /* [CP] Check Pods Manifest.lock */,
				BE547F852585741C004874D8 /* Sources */,
				BE547F862585741C004874D8 /* Frameworks */,
				BE547F872585741C004874D8 /* Resources */,
				8357C117760C45011F8D0147 /* [CP] Embed Pods Frameworks */,
			);
			buildRules = (
			);
			dependencies = (
			);
			name = ZemogaPost;
			productName = ZemogaPost;
			productReference = BE547F892585741C004874D8 /* ZemogaPost.app */;
			productType = "com.apple.product-type.application";
		};
		BE547FA12585741E004874D8 /* ZemogaPostTests */ = {
			isa = PBXNativeTarget;
			buildConfigurationList = BE547FB92585741F004874D8 /* Build configuration list for PBXNativeTarget "ZemogaPostTests" */;
			buildPhases = (
				1688D9F7817A1EF98C01366D /* [CP] Check Pods Manifest.lock */,
				BE547F9E2585741E004874D8 /* Sources */,
				BE547F9F2585741E004874D8 /* Frameworks */,
				BE547FA02585741E004874D8 /* Resources */,
			);
			buildRules = (
			);
			dependencies = (
				BE547FA42585741E004874D8 /* PBXTargetDependency */,
			);
			name = ZemogaPostTests;
			productName = ZemogaPostTests;
			productReference = BE547FA22585741E004874D8 /* ZemogaPostTests.xctest */;
			productType = "com.apple.product-type.bundle.unit-test";
		};
		BE547FAC2585741E004874D8 /* ZemogaPostUITests */ = {
			isa = PBXNativeTarget;
			buildConfigurationList = BE547FBC2585741F004874D8 /* Build configuration list for PBXNativeTarget "ZemogaPostUITests" */;
			buildPhases = (
				F8C55ADA17CF585CE061989E /* [CP] Check Pods Manifest.lock */,
				BE547FA92585741E004874D8 /* Sources */,
				BE547FAA2585741E004874D8 /* Frameworks */,
				BE547FAB2585741E004874D8 /* Resources */,
				34D04C7914C716CAA1CCF888 /* [CP] Embed Pods Frameworks */,
			);
			buildRules = (
			);
			dependencies = (
				BE547FAF2585741E004874D8 /* PBXTargetDependency */,
			);
			name = ZemogaPostUITests;
			productName = ZemogaPostUITests;
			productReference = BE547FAD2585741E004874D8 /* ZemogaPostUITests.xctest */;
			productType = "com.apple.product-type.bundle.ui-testing";
		};
/* End PBXNativeTarget section */

/* Begin PBXProject section */
		BE547F812585741C004874D8 /* Project object */ = {
			isa = PBXProject;
			attributes = {
				LastSwiftUpdateCheck = 1220;
				LastUpgradeCheck = 1220;
				TargetAttributes = {
					BE547F882585741C004874D8 = {
						CreatedOnToolsVersion = 12.2;
					};
					BE547FA12585741E004874D8 = {
						CreatedOnToolsVersion = 12.2;
						TestTargetID = BE547F882585741C004874D8;
					};
					BE547FAC2585741E004874D8 = {
						CreatedOnToolsVersion = 12.2;
						TestTargetID = BE547F882585741C004874D8;
					};
				};
			};
			buildConfigurationList = BE547F842585741C004874D8 /* Build configuration list for PBXProject "ZemogaPost" */;
			compatibilityVersion = "Xcode 9.3";
			developmentRegion = en;
			hasScannedForEncodings = 0;
			knownRegions = (
				en,
				Base,
			);
			mainGroup = BE547F802585741C004874D8;
			productRefGroup = BE547F8A2585741C004874D8 /* Products */;
			projectDirPath = "";
			projectRoot = "";
			targets = (
				BE547F882585741C004874D8 /* ZemogaPost */,
				BE547FA12585741E004874D8 /* ZemogaPostTests */,
				BE547FAC2585741E004874D8 /* ZemogaPostUITests */,
			);
		};
/* End PBXProject section */

/* Begin PBXResourcesBuildPhase section */
		BE547F872585741C004874D8 /* Resources */ = {
			isa = PBXResourcesBuildPhase;
			buildActionMask = 2147483647;
			files = (
				BE547F9C2585741E004874D8 /* LaunchScreen.storyboard in Resources */,
				BEC55EB42586E6FD007CF7D2 /* Localizable.strings in Resources */,
				BE547F992585741E004874D8 /* Assets.xcassets in Resources */,
				BE547F942585741C004874D8 /* Main.storyboard in Resources */,
			);
			runOnlyForDeploymentPostprocessing = 0;
		};
		BE547FA02585741E004874D8 /* Resources */ = {
			isa = PBXResourcesBuildPhase;
			buildActionMask = 2147483647;
			files = (
			);
			runOnlyForDeploymentPostprocessing = 0;
		};
		BE547FAB2585741E004874D8 /* Resources */ = {
			isa = PBXResourcesBuildPhase;
			buildActionMask = 2147483647;
			files = (
			);
			runOnlyForDeploymentPostprocessing = 0;
		};
/* End PBXResourcesBuildPhase section */

/* Begin PBXShellScriptBuildPhase section */
		1688D9F7817A1EF98C01366D /* [CP] Check Pods Manifest.lock */ = {
			isa = PBXShellScriptBuildPhase;
			buildActionMask = 2147483647;
			files = (
			);
			inputFileListPaths = (
			);
			inputPaths = (
				"${PODS_PODFILE_DIR_PATH}/Podfile.lock",
				"${PODS_ROOT}/Manifest.lock",
			);
			name = "[CP] Check Pods Manifest.lock";
			outputFileListPaths = (
			);
			outputPaths = (
				"$(DERIVED_FILE_DIR)/Pods-ZemogaPostTests-checkManifestLockResult.txt",
			);
			runOnlyForDeploymentPostprocessing = 0;
			shellPath = /bin/sh;
			shellScript = "diff \"${PODS_PODFILE_DIR_PATH}/Podfile.lock\" \"${PODS_ROOT}/Manifest.lock\" > /dev/null\nif [ $? != 0 ] ; then\n    # print error to STDERR\n    echo \"error: The sandbox is not in sync with the Podfile.lock. Run 'pod install' or update your CocoaPods installation.\" >&2\n    exit 1\nfi\n# This output is used by Xcode 'outputs' to avoid re-running this script phase.\necho \"SUCCESS\" > \"${SCRIPT_OUTPUT_FILE_0}\"\n";
			showEnvVarsInLog = 0;
		};
		34D04C7914C716CAA1CCF888 /* [CP] Embed Pods Frameworks */ = {
			isa = PBXShellScriptBuildPhase;
			buildActionMask = 2147483647;
			files = (
			);
			inputFileListPaths = (
				"${PODS_ROOT}/Target Support Files/Pods-ZemogaPost-ZemogaPostUITests/Pods-ZemogaPost-ZemogaPostUITests-frameworks-${CONFIGURATION}-input-files.xcfilelist",
			);
			name = "[CP] Embed Pods Frameworks";
			outputFileListPaths = (
				"${PODS_ROOT}/Target Support Files/Pods-ZemogaPost-ZemogaPostUITests/Pods-ZemogaPost-ZemogaPostUITests-frameworks-${CONFIGURATION}-output-files.xcfilelist",
			);
			runOnlyForDeploymentPostprocessing = 0;
			shellPath = /bin/sh;
			shellScript = "\"${PODS_ROOT}/Target Support Files/Pods-ZemogaPost-ZemogaPostUITests/Pods-ZemogaPost-ZemogaPostUITests-frameworks.sh\"\n";
			showEnvVarsInLog = 0;
		};
		51069CAF5CB1569E49970D52 /* [CP] Check Pods Manifest.lock */ = {
			isa = PBXShellScriptBuildPhase;
			buildActionMask = 2147483647;
			files = (
			);
			inputFileListPaths = (
			);
			inputPaths = (
				"${PODS_PODFILE_DIR_PATH}/Podfile.lock",
				"${PODS_ROOT}/Manifest.lock",
			);
			name = "[CP] Check Pods Manifest.lock";
			outputFileListPaths = (
			);
			outputPaths = (
				"$(DERIVED_FILE_DIR)/Pods-ZemogaPost-checkManifestLockResult.txt",
			);
			runOnlyForDeploymentPostprocessing = 0;
			shellPath = /bin/sh;
			shellScript = "diff \"${PODS_PODFILE_DIR_PATH}/Podfile.lock\" \"${PODS_ROOT}/Manifest.lock\" > /dev/null\nif [ $? != 0 ] ; then\n    # print error to STDERR\n    echo \"error: The sandbox is not in sync with the Podfile.lock. Run 'pod install' or update your CocoaPods installation.\" >&2\n    exit 1\nfi\n# This output is used by Xcode 'outputs' to avoid re-running this script phase.\necho \"SUCCESS\" > \"${SCRIPT_OUTPUT_FILE_0}\"\n";
			showEnvVarsInLog = 0;
		};
		8357C117760C45011F8D0147 /* [CP] Embed Pods Frameworks */ = {
			isa = PBXShellScriptBuildPhase;
			buildActionMask = 2147483647;
			files = (
			);
			inputFileListPaths = (
				"${PODS_ROOT}/Target Support Files/Pods-ZemogaPost/Pods-ZemogaPost-frameworks-${CONFIGURATION}-input-files.xcfilelist",
			);
			name = "[CP] Embed Pods Frameworks";
			outputFileListPaths = (
				"${PODS_ROOT}/Target Support Files/Pods-ZemogaPost/Pods-ZemogaPost-frameworks-${CONFIGURATION}-output-files.xcfilelist",
			);
			runOnlyForDeploymentPostprocessing = 0;
			shellPath = /bin/sh;
			shellScript = "\"${PODS_ROOT}/Target Support Files/Pods-ZemogaPost/Pods-ZemogaPost-frameworks.sh\"\n";
			showEnvVarsInLog = 0;
		};
		F8C55ADA17CF585CE061989E /* [CP] Check Pods Manifest.lock */ = {
			isa = PBXShellScriptBuildPhase;
			buildActionMask = 2147483647;
			files = (
			);
			inputFileListPaths = (
			);
			inputPaths = (
				"${PODS_PODFILE_DIR_PATH}/Podfile.lock",
				"${PODS_ROOT}/Manifest.lock",
			);
			name = "[CP] Check Pods Manifest.lock";
			outputFileListPaths = (
			);
			outputPaths = (
				"$(DERIVED_FILE_DIR)/Pods-ZemogaPost-ZemogaPostUITests-checkManifestLockResult.txt",
			);
			runOnlyForDeploymentPostprocessing = 0;
			shellPath = /bin/sh;
			shellScript = "diff \"${PODS_PODFILE_DIR_PATH}/Podfile.lock\" \"${PODS_ROOT}/Manifest.lock\" > /dev/null\nif [ $? != 0 ] ; then\n    # print error to STDERR\n    echo \"error: The sandbox is not in sync with the Podfile.lock. Run 'pod install' or update your CocoaPods installation.\" >&2\n    exit 1\nfi\n# This output is used by Xcode 'outputs' to avoid re-running this script phase.\necho \"SUCCESS\" > \"${SCRIPT_OUTPUT_FILE_0}\"\n";
			showEnvVarsInLog = 0;
		};
/* End PBXShellScriptBuildPhase section */

/* Begin PBXSourcesBuildPhase section */
		BE547F852585741C004874D8 /* Sources */ = {
			isa = PBXSourcesBuildPhase;
			buildActionMask = 2147483647;
			files = (
				BE547F972585741C004874D8 /* ZemogaPost.xcdatamodeld in Sources */,
				BE80C8AF25858C7300CB2A46 /* DetailPostViewController.swift in Sources */,
				BEC55E5025868859007CF7D2 /* SessionManager.swift in Sources */,
				BE26E7A82585C0720086C66B /* GlobalConstant.swift in Sources */,
				BE80C8A225858C0F00CB2A46 /* PostPresenter.swift in Sources */,
				BE26E7AD2585C4BF0086C66B /* BaseViewController.swift in Sources */,
				BE547F8D2585741C004874D8 /* AppDelegate.swift in Sources */,
				BEC55E4725867573007CF7D2 /* Comment.swift in Sources */,
				BEC55E422586755E007CF7D2 /* User.swift in Sources */,
				BE80C8B425858DC100CB2A46 /* DetailPostPresenter.swift in Sources */,
				BE547F8F2585741C004874D8 /* SceneDelegate.swift in Sources */,
				BE26E7B22585C5BE0086C66B /* Presenter.swift in Sources */,
				BE26E7C92585D6430086C66B /* Extension.swift in Sources */,
				BE26E7A32585BF430086C66B /* ShellWebService.swift in Sources */,
				BE26E7BA2585CEB40086C66B /* Post.swift in Sources */,
				BE80C89A25858BEA00CB2A46 /* PostViewController.swift in Sources */,
				BE80C8BE258597C800CB2A46 /* DetailPostTableViewCell.swift in Sources */,
				BE80C8B92585915C00CB2A46 /* PostTableViewCell.swift in Sources */,
			);
			runOnlyForDeploymentPostprocessing = 0;
		};
		BE547F9E2585741E004874D8 /* Sources */ = {
			isa = PBXSourcesBuildPhase;
			buildActionMask = 2147483647;
			files = (
				BE547FA72585741E004874D8 /* ZemogaPostTests.swift in Sources */,
			);
			runOnlyForDeploymentPostprocessing = 0;
		};
		BE547FA92585741E004874D8 /* Sources */ = {
			isa = PBXSourcesBuildPhase;
			buildActionMask = 2147483647;
			files = (
				BE547FB22585741E004874D8 /* ZemogaPostUITests.swift in Sources */,
			);
			runOnlyForDeploymentPostprocessing = 0;
		};
/* End PBXSourcesBuildPhase section */

/* Begin PBXTargetDependency section */
		BE547FA42585741E004874D8 /* PBXTargetDependency */ = {
			isa = PBXTargetDependency;
			target = BE547F882585741C004874D8 /* ZemogaPost */;
			targetProxy = BE547FA32585741E004874D8 /* PBXContainerItemProxy */;
		};
		BE547FAF2585741E004874D8 /* PBXTargetDependency */ = {
			isa = PBXTargetDependency;
			target = BE547F882585741C004874D8 /* ZemogaPost */;
			targetProxy = BE547FAE2585741E004874D8 /* PBXContainerItemProxy */;
		};
/* End PBXTargetDependency section */

/* Begin PBXVariantGroup section */
		BE547F922585741C004874D8 /* Main.storyboard */ = {
			isa = PBXVariantGroup;
			children = (
				BE547F932585741C004874D8 /* Base */,
				BEC55EAA2586E4B7007CF7D2 /* en */,
			);
			name = Main.storyboard;
			sourceTree = "<group>";
		};
		BE547F9A2585741E004874D8 /* LaunchScreen.storyboard */ = {
			isa = PBXVariantGroup;
			children = (
				BE547F9B2585741E004874D8 /* Base */,
			);
			name = LaunchScreen.storyboard;
			sourceTree = "<group>";
		};
		BEC55EB62586E6FD007CF7D2 /* Localizable.strings */ = {
			isa = PBXVariantGroup;
			children = (
				BEC55EB52586E6FD007CF7D2 /* en */,
			);
			name = Localizable.strings;
			sourceTree = "<group>";
		};
/* End PBXVariantGroup section */

/* Begin XCBuildConfiguration section */
		BE547FB42585741F004874D8 /* Debug */ = {
			isa = XCBuildConfiguration;
			buildSettings = {
				ALWAYS_SEARCH_USER_PATHS = NO;
				CLANG_ANALYZER_LOCALIZABILITY_NONLOCALIZED = YES;
				CLANG_ANALYZER_NONNULL = YES;
				CLANG_ANALYZER_NUMBER_OBJECT_CONVERSION = YES_AGGRESSIVE;
				CLANG_CXX_LANGUAGE_STANDARD = "gnu++14";
				CLANG_CXX_LIBRARY = "libc++";
				CLANG_ENABLE_MODULES = YES;
				CLANG_ENABLE_OBJC_ARC = YES;
				CLANG_ENABLE_OBJC_WEAK = YES;
				CLANG_WARN_BLOCK_CAPTURE_AUTORELEASING = YES;
				CLANG_WARN_BOOL_CONVERSION = YES;
				CLANG_WARN_COMMA = YES;
				CLANG_WARN_CONSTANT_CONVERSION = YES;
				CLANG_WARN_DEPRECATED_OBJC_IMPLEMENTATIONS = YES;
				CLANG_WARN_DIRECT_OBJC_ISA_USAGE = YES_ERROR;
				CLANG_WARN_DOCUMENTATION_COMMENTS = YES;
				CLANG_WARN_EMPTY_BODY = YES;
				CLANG_WARN_ENUM_CONVERSION = YES;
				CLANG_WARN_INFINITE_RECURSION = YES;
				CLANG_WARN_INT_CONVERSION = YES;
				CLANG_WARN_NON_LITERAL_NULL_CONVERSION = YES;
				CLANG_WARN_OBJC_IMPLICIT_RETAIN_SELF = YES;
				CLANG_WARN_OBJC_LITERAL_CONVERSION = YES;
				CLANG_WARN_OBJC_ROOT_CLASS = YES_ERROR;
				CLANG_WARN_QUOTED_INCLUDE_IN_FRAMEWORK_HEADER = YES;
				CLANG_WARN_RANGE_LOOP_ANALYSIS = YES;
				CLANG_WARN_STRICT_PROTOTYPES = YES;
				CLANG_WARN_SUSPICIOUS_MOVE = YES;
				CLANG_WARN_UNGUARDED_AVAILABILITY = YES_AGGRESSIVE;
				CLANG_WARN_UNREACHABLE_CODE = YES;
				CLANG_WARN__DUPLICATE_METHOD_MATCH = YES;
				COPY_PHASE_STRIP = NO;
				DEBUG_INFORMATION_FORMAT = dwarf;
				ENABLE_STRICT_OBJC_MSGSEND = YES;
				ENABLE_TESTABILITY = YES;
				GCC_C_LANGUAGE_STANDARD = gnu11;
				GCC_DYNAMIC_NO_PIC = NO;
				GCC_NO_COMMON_BLOCKS = YES;
				GCC_OPTIMIZATION_LEVEL = 0;
				GCC_PREPROCESSOR_DEFINITIONS = (
					"DEBUG=1",
					"$(inherited)",
				);
				GCC_WARN_64_TO_32_BIT_CONVERSION = YES;
				GCC_WARN_ABOUT_RETURN_TYPE = YES_ERROR;
				GCC_WARN_UNDECLARED_SELECTOR = YES;
				GCC_WARN_UNINITIALIZED_AUTOS = YES_AGGRESSIVE;
				GCC_WARN_UNUSED_FUNCTION = YES;
				GCC_WARN_UNUSED_VARIABLE = YES;
				IPHONEOS_DEPLOYMENT_TARGET = 14.2;
				MTL_ENABLE_DEBUG_INFO = INCLUDE_SOURCE;
				MTL_FAST_MATH = YES;
				ONLY_ACTIVE_ARCH = YES;
				SDKROOT = iphoneos;
				SWIFT_ACTIVE_COMPILATION_CONDITIONS = DEBUG;
				SWIFT_OPTIMIZATION_LEVEL = "-Onone";
			};
			name = Debug;
		};
		BE547FB52585741F004874D8 /* Release */ = {
			isa = XCBuildConfiguration;
			buildSettings = {
				ALWAYS_SEARCH_USER_PATHS = NO;
				CLANG_ANALYZER_LOCALIZABILITY_NONLOCALIZED = YES;
				CLANG_ANALYZER_NONNULL = YES;
				CLANG_ANALYZER_NUMBER_OBJECT_CONVERSION = YES_AGGRESSIVE;
				CLANG_CXX_LANGUAGE_STANDARD = "gnu++14";
				CLANG_CXX_LIBRARY = "libc++";
				CLANG_ENABLE_MODULES = YES;
				CLANG_ENABLE_OBJC_ARC = YES;
				CLANG_ENABLE_OBJC_WEAK = YES;
				CLANG_WARN_BLOCK_CAPTURE_AUTORELEASING = YES;
				CLANG_WARN_BOOL_CONVERSION = YES;
				CLANG_WARN_COMMA = YES;
				CLANG_WARN_CONSTANT_CONVERSION = YES;
				CLANG_WARN_DEPRECATED_OBJC_IMPLEMENTATIONS = YES;
				CLANG_WARN_DIRECT_OBJC_ISA_USAGE = YES_ERROR;
				CLANG_WARN_DOCUMENTATION_COMMENTS = YES;
				CLANG_WARN_EMPTY_BODY = YES;
				CLANG_WARN_ENUM_CONVERSION = YES;
				CLANG_WARN_INFINITE_RECURSION = YES;
				CLANG_WARN_INT_CONVERSION = YES;
				CLANG_WARN_NON_LITERAL_NULL_CONVERSION = YES;
				CLANG_WARN_OBJC_IMPLICIT_RETAIN_SELF = YES;
				CLANG_WARN_OBJC_LITERAL_CONVERSION = YES;
				CLANG_WARN_OBJC_ROOT_CLASS = YES_ERROR;
				CLANG_WARN_QUOTED_INCLUDE_IN_FRAMEWORK_HEADER = YES;
				CLANG_WARN_RANGE_LOOP_ANALYSIS = YES;
				CLANG_WARN_STRICT_PROTOTYPES = YES;
				CLANG_WARN_SUSPICIOUS_MOVE = YES;
				CLANG_WARN_UNGUARDED_AVAILABILITY = YES_AGGRESSIVE;
				CLANG_WARN_UNREACHABLE_CODE = YES;
				CLANG_WARN__DUPLICATE_METHOD_MATCH = YES;
				COPY_PHASE_STRIP = NO;
				DEBUG_INFORMATION_FORMAT = "dwarf-with-dsym";
				ENABLE_NS_ASSERTIONS = NO;
				ENABLE_STRICT_OBJC_MSGSEND = YES;
				GCC_C_LANGUAGE_STANDARD = gnu11;
				GCC_NO_COMMON_BLOCKS = YES;
				GCC_WARN_64_TO_32_BIT_CONVERSION = YES;
				GCC_WARN_ABOUT_RETURN_TYPE = YES_ERROR;
				GCC_WARN_UNDECLARED_SELECTOR = YES;
				GCC_WARN_UNINITIALIZED_AUTOS = YES_AGGRESSIVE;
				GCC_WARN_UNUSED_FUNCTION = YES;
				GCC_WARN_UNUSED_VARIABLE = YES;
				IPHONEOS_DEPLOYMENT_TARGET = 14.2;
				MTL_ENABLE_DEBUG_INFO = NO;
				MTL_FAST_MATH = YES;
				SDKROOT = iphoneos;
				SWIFT_COMPILATION_MODE = wholemodule;
				SWIFT_OPTIMIZATION_LEVEL = "-O";
				VALIDATE_PRODUCT = YES;
			};
			name = Release;
		};
		BE547FB72585741F004874D8 /* Debug */ = {
			isa = XCBuildConfiguration;
			baseConfigurationReference = 9894EC1309CB0163D308857C /* Pods-ZemogaPost.debug.xcconfig */;
			buildSettings = {
				ASSETCATALOG_COMPILER_APPICON_NAME = AppIcon;
				ASSETCATALOG_COMPILER_GLOBAL_ACCENT_COLOR_NAME = AccentColor;
				CODE_SIGN_STYLE = Automatic;
				INFOPLIST_FILE = ZemogaPost/Info.plist;
				LD_RUNPATH_SEARCH_PATHS = (
					"$(inherited)",
					"@executable_path/Frameworks",
				);
				PRODUCT_BUNDLE_IDENTIFIER = zemoga.test.ZemogaPost;
				PRODUCT_NAME = "$(TARGET_NAME)";
				SWIFT_VERSION = 5.0;
				TARGETED_DEVICE_FAMILY = 1;
			};
			name = Debug;
		};
		BE547FB82585741F004874D8 /* Release */ = {
			isa = XCBuildConfiguration;
			baseConfigurationReference = DD54A447C2D460EBDDB490EC /* Pods-ZemogaPost.release.xcconfig */;
			buildSettings = {
				ASSETCATALOG_COMPILER_APPICON_NAME = AppIcon;
				ASSETCATALOG_COMPILER_GLOBAL_ACCENT_COLOR_NAME = AccentColor;
				CODE_SIGN_STYLE = Automatic;
				INFOPLIST_FILE = ZemogaPost/Info.plist;
				LD_RUNPATH_SEARCH_PATHS = (
					"$(inherited)",
					"@executable_path/Frameworks",
				);
				PRODUCT_BUNDLE_IDENTIFIER = zemoga.test.ZemogaPost;
				PRODUCT_NAME = "$(TARGET_NAME)";
				SWIFT_VERSION = 5.0;
				TARGETED_DEVICE_FAMILY = 1;
			};
			name = Release;
		};
		BE547FBA2585741F004874D8 /* Debug */ = {
			isa = XCBuildConfiguration;
			baseConfigurationReference = B2174BADE43ABBD0CEE88941 /* Pods-ZemogaPostTests.debug.xcconfig */;
			buildSettings = {
				ALWAYS_EMBED_SWIFT_STANDARD_LIBRARIES = YES;
				BUNDLE_LOADER = "$(TEST_HOST)";
				CODE_SIGN_STYLE = Automatic;
				INFOPLIST_FILE = ZemogaPostTests/Info.plist;
				IPHONEOS_DEPLOYMENT_TARGET = 14.2;
				LD_RUNPATH_SEARCH_PATHS = (
					"$(inherited)",
					"@executable_path/Frameworks",
					"@loader_path/Frameworks",
				);
				PRODUCT_BUNDLE_IDENTIFIER = zemoga.test.ZemogaPostTests;
				PRODUCT_NAME = "$(TARGET_NAME)";
				SWIFT_VERSION = 5.0;
				TARGETED_DEVICE_FAMILY = "1,2";
				TEST_HOST = "$(BUILT_PRODUCTS_DIR)/ZemogaPost.app/ZemogaPost";
			};
			name = Debug;
		};
		BE547FBB2585741F004874D8 /* Release */ = {
			isa = XCBuildConfiguration;
			baseConfigurationReference = F73B9E7DE4F2A79D42A49AAD /* Pods-ZemogaPostTests.release.xcconfig */;
			buildSettings = {
				ALWAYS_EMBED_SWIFT_STANDARD_LIBRARIES = YES;
				BUNDLE_LOADER = "$(TEST_HOST)";
				CODE_SIGN_STYLE = Automatic;
				INFOPLIST_FILE = ZemogaPostTests/Info.plist;
				IPHONEOS_DEPLOYMENT_TARGET = 14.2;
				LD_RUNPATH_SEARCH_PATHS = (
					"$(inherited)",
					"@executable_path/Frameworks",
					"@loader_path/Frameworks",
				);
				PRODUCT_BUNDLE_IDENTIFIER = zemoga.test.ZemogaPostTests;
				PRODUCT_NAME = "$(TARGET_NAME)";
				SWIFT_VERSION = 5.0;
				TARGETED_DEVICE_FAMILY = "1,2";
				TEST_HOST = "$(BUILT_PRODUCTS_DIR)/ZemogaPost.app/ZemogaPost";
			};
			name = Release;
		};
		BE547FBD2585741F004874D8 /* Debug */ = {
			isa = XCBuildConfiguration;
			baseConfigurationReference = C40D351657B3E4EADCA12CF8 /* Pods-ZemogaPost-ZemogaPostUITests.debug.xcconfig */;
			buildSettings = {
				ALWAYS_EMBED_SWIFT_STANDARD_LIBRARIES = YES;
				CODE_SIGN_STYLE = Automatic;
				INFOPLIST_FILE = ZemogaPostUITests/Info.plist;
				LD_RUNPATH_SEARCH_PATHS = (
					"$(inherited)",
					"@executable_path/Frameworks",
					"@loader_path/Frameworks",
				);
				PRODUCT_BUNDLE_IDENTIFIER = zemoga.test.ZemogaPostUITests;
				PRODUCT_NAME = "$(TARGET_NAME)";
				SWIFT_VERSION = 5.0;
				TARGETED_DEVICE_FAMILY = "1,2";
				TEST_TARGET_NAME = ZemogaPost;
			};
			name = Debug;
		};
		BE547FBE2585741F004874D8 /* Release */ = {
			isa = XCBuildConfiguration;
			baseConfigurationReference = 8601CD129F5E18B666DAC648 /* Pods-ZemogaPost-ZemogaPostUITests.release.xcconfig */;
			buildSettings = {
				ALWAYS_EMBED_SWIFT_STANDARD_LIBRARIES = YES;
				CODE_SIGN_STYLE = Automatic;
				INFOPLIST_FILE = ZemogaPostUITests/Info.plist;
				LD_RUNPATH_SEARCH_PATHS = (
					"$(inherited)",
					"@executable_path/Frameworks",
					"@loader_path/Frameworks",
				);
				PRODUCT_BUNDLE_IDENTIFIER = zemoga.test.ZemogaPostUITests;
				PRODUCT_NAME = "$(TARGET_NAME)";
				SWIFT_VERSION = 5.0;
				TARGETED_DEVICE_FAMILY = "1,2";
				TEST_TARGET_NAME = ZemogaPost;
			};
			name = Release;
		};
		BEC55DF52585EA1B007CF7D2 /* Development */ = {
			isa = XCBuildConfiguration;
			buildSettings = {
				ALWAYS_SEARCH_USER_PATHS = NO;
				CLANG_ANALYZER_LOCALIZABILITY_NONLOCALIZED = YES;
				CLANG_ANALYZER_NONNULL = YES;
				CLANG_ANALYZER_NUMBER_OBJECT_CONVERSION = YES_AGGRESSIVE;
				CLANG_CXX_LANGUAGE_STANDARD = "gnu++14";
				CLANG_CXX_LIBRARY = "libc++";
				CLANG_ENABLE_MODULES = YES;
				CLANG_ENABLE_OBJC_ARC = YES;
				CLANG_ENABLE_OBJC_WEAK = YES;
				CLANG_WARN_BLOCK_CAPTURE_AUTORELEASING = YES;
				CLANG_WARN_BOOL_CONVERSION = YES;
				CLANG_WARN_COMMA = YES;
				CLANG_WARN_CONSTANT_CONVERSION = YES;
				CLANG_WARN_DEPRECATED_OBJC_IMPLEMENTATIONS = YES;
				CLANG_WARN_DIRECT_OBJC_ISA_USAGE = YES_ERROR;
				CLANG_WARN_DOCUMENTATION_COMMENTS = YES;
				CLANG_WARN_EMPTY_BODY = YES;
				CLANG_WARN_ENUM_CONVERSION = YES;
				CLANG_WARN_INFINITE_RECURSION = YES;
				CLANG_WARN_INT_CONVERSION = YES;
				CLANG_WARN_NON_LITERAL_NULL_CONVERSION = YES;
				CLANG_WARN_OBJC_IMPLICIT_RETAIN_SELF = YES;
				CLANG_WARN_OBJC_LITERAL_CONVERSION = YES;
				CLANG_WARN_OBJC_ROOT_CLASS = YES_ERROR;
				CLANG_WARN_QUOTED_INCLUDE_IN_FRAMEWORK_HEADER = YES;
				CLANG_WARN_RANGE_LOOP_ANALYSIS = YES;
				CLANG_WARN_STRICT_PROTOTYPES = YES;
				CLANG_WARN_SUSPICIOUS_MOVE = YES;
				CLANG_WARN_UNGUARDED_AVAILABILITY = YES_AGGRESSIVE;
				CLANG_WARN_UNREACHABLE_CODE = YES;
				CLANG_WARN__DUPLICATE_METHOD_MATCH = YES;
				COPY_PHASE_STRIP = NO;
				DEBUG_INFORMATION_FORMAT = dwarf;
				ENABLE_STRICT_OBJC_MSGSEND = YES;
				ENABLE_TESTABILITY = YES;
				GCC_C_LANGUAGE_STANDARD = gnu11;
				GCC_DYNAMIC_NO_PIC = NO;
				GCC_NO_COMMON_BLOCKS = YES;
				GCC_OPTIMIZATION_LEVEL = 0;
				GCC_PREPROCESSOR_DEFINITIONS = (
					"DEBUG=1",
					"$(inherited)",
				);
				GCC_WARN_64_TO_32_BIT_CONVERSION = YES;
				GCC_WARN_ABOUT_RETURN_TYPE = YES_ERROR;
				GCC_WARN_UNDECLARED_SELECTOR = YES;
				GCC_WARN_UNINITIALIZED_AUTOS = YES_AGGRESSIVE;
				GCC_WARN_UNUSED_FUNCTION = YES;
				GCC_WARN_UNUSED_VARIABLE = YES;
				IPHONEOS_DEPLOYMENT_TARGET = 14.2;
				MTL_ENABLE_DEBUG_INFO = INCLUDE_SOURCE;
				MTL_FAST_MATH = YES;
				ONLY_ACTIVE_ARCH = YES;
				SDKROOT = iphoneos;
				SWIFT_ACTIVE_COMPILATION_CONDITIONS = DEBUG;
				SWIFT_OPTIMIZATION_LEVEL = "-Onone";
			};
			name = Development;
		};
		BEC55DF62585EA1B007CF7D2 /* Development */ = {
			isa = XCBuildConfiguration;
			baseConfigurationReference = C220B23DE0874666AC8B77BA /* Pods-ZemogaPost.development.xcconfig */;
			buildSettings = {
				ASSETCATALOG_COMPILER_APPICON_NAME = AppIcon;
				ASSETCATALOG_COMPILER_GLOBAL_ACCENT_COLOR_NAME = AccentColor;
				CODE_SIGN_STYLE = Automatic;
				INFOPLIST_FILE = ZemogaPost/Info.plist;
				LD_RUNPATH_SEARCH_PATHS = (
					"$(inherited)",
					"@executable_path/Frameworks",
				);
				PRODUCT_BUNDLE_IDENTIFIER = zemoga.test.ZemogaPost;
				PRODUCT_NAME = "$(TARGET_NAME)";
				SWIFT_VERSION = 5.0;
				TARGETED_DEVICE_FAMILY = 1;
			};
			name = Development;
		};
		BEC55DF72585EA1B007CF7D2 /* Development */ = {
			isa = XCBuildConfiguration;
			baseConfigurationReference = 61E9D07CFC5AB1C8D546F6FD /* Pods-ZemogaPostTests.development.xcconfig */;
			buildSettings = {
				ALWAYS_EMBED_SWIFT_STANDARD_LIBRARIES = YES;
				BUNDLE_LOADER = "$(TEST_HOST)";
				CODE_SIGN_STYLE = Automatic;
				INFOPLIST_FILE = ZemogaPostTests/Info.plist;
				IPHONEOS_DEPLOYMENT_TARGET = 14.2;
				LD_RUNPATH_SEARCH_PATHS = (
					"$(inherited)",
					"@executable_path/Frameworks",
					"@loader_path/Frameworks",
				);
				PRODUCT_BUNDLE_IDENTIFIER = zemoga.test.ZemogaPostTests;
				PRODUCT_NAME = "$(TARGET_NAME)";
				SWIFT_VERSION = 5.0;
				TARGETED_DEVICE_FAMILY = "1,2";
				TEST_HOST = "$(BUILT_PRODUCTS_DIR)/ZemogaPost.app/ZemogaPost";
			};
			name = Development;
		};
		BEC55DF82585EA1B007CF7D2 /* Development */ = {
			isa = XCBuildConfiguration;
			baseConfigurationReference = F49BFE9476515FCEF7699F4D /* Pods-ZemogaPost-ZemogaPostUITests.development.xcconfig */;
			buildSettings = {
				ALWAYS_EMBED_SWIFT_STANDARD_LIBRARIES = YES;
				CODE_SIGN_STYLE = Automatic;
				INFOPLIST_FILE = ZemogaPostUITests/Info.plist;
				LD_RUNPATH_SEARCH_PATHS = (
					"$(inherited)",
					"@executable_path/Frameworks",
					"@loader_path/Frameworks",
				);
				PRODUCT_BUNDLE_IDENTIFIER = zemoga.test.ZemogaPostUITests;
				PRODUCT_NAME = "$(TARGET_NAME)";
				SWIFT_VERSION = 5.0;
				TARGETED_DEVICE_FAMILY = "1,2";
				TEST_TARGET_NAME = ZemogaPost;
			};
			name = Development;
		};
		BEC55DF92585EA2A007CF7D2 /* Production */ = {
			isa = XCBuildConfiguration;
			buildSettings = {
				ALWAYS_SEARCH_USER_PATHS = NO;
				CLANG_ANALYZER_LOCALIZABILITY_NONLOCALIZED = YES;
				CLANG_ANALYZER_NONNULL = YES;
				CLANG_ANALYZER_NUMBER_OBJECT_CONVERSION = YES_AGGRESSIVE;
				CLANG_CXX_LANGUAGE_STANDARD = "gnu++14";
				CLANG_CXX_LIBRARY = "libc++";
				CLANG_ENABLE_MODULES = YES;
				CLANG_ENABLE_OBJC_ARC = YES;
				CLANG_ENABLE_OBJC_WEAK = YES;
				CLANG_WARN_BLOCK_CAPTURE_AUTORELEASING = YES;
				CLANG_WARN_BOOL_CONVERSION = YES;
				CLANG_WARN_COMMA = YES;
				CLANG_WARN_CONSTANT_CONVERSION = YES;
				CLANG_WARN_DEPRECATED_OBJC_IMPLEMENTATIONS = YES;
				CLANG_WARN_DIRECT_OBJC_ISA_USAGE = YES_ERROR;
				CLANG_WARN_DOCUMENTATION_COMMENTS = YES;
				CLANG_WARN_EMPTY_BODY = YES;
				CLANG_WARN_ENUM_CONVERSION = YES;
				CLANG_WARN_INFINITE_RECURSION = YES;
				CLANG_WARN_INT_CONVERSION = YES;
				CLANG_WARN_NON_LITERAL_NULL_CONVERSION = YES;
				CLANG_WARN_OBJC_IMPLICIT_RETAIN_SELF = YES;
				CLANG_WARN_OBJC_LITERAL_CONVERSION = YES;
				CLANG_WARN_OBJC_ROOT_CLASS = YES_ERROR;
				CLANG_WARN_QUOTED_INCLUDE_IN_FRAMEWORK_HEADER = YES;
				CLANG_WARN_RANGE_LOOP_ANALYSIS = YES;
				CLANG_WARN_STRICT_PROTOTYPES = YES;
				CLANG_WARN_SUSPICIOUS_MOVE = YES;
				CLANG_WARN_UNGUARDED_AVAILABILITY = YES_AGGRESSIVE;
				CLANG_WARN_UNREACHABLE_CODE = YES;
				CLANG_WARN__DUPLICATE_METHOD_MATCH = YES;
				COPY_PHASE_STRIP = NO;
				DEBUG_INFORMATION_FORMAT = "dwarf-with-dsym";
				ENABLE_NS_ASSERTIONS = NO;
				ENABLE_STRICT_OBJC_MSGSEND = YES;
				GCC_C_LANGUAGE_STANDARD = gnu11;
				GCC_NO_COMMON_BLOCKS = YES;
				GCC_WARN_64_TO_32_BIT_CONVERSION = YES;
				GCC_WARN_ABOUT_RETURN_TYPE = YES_ERROR;
				GCC_WARN_UNDECLARED_SELECTOR = YES;
				GCC_WARN_UNINITIALIZED_AUTOS = YES_AGGRESSIVE;
				GCC_WARN_UNUSED_FUNCTION = YES;
				GCC_WARN_UNUSED_VARIABLE = YES;
				IPHONEOS_DEPLOYMENT_TARGET = 14.2;
				MTL_ENABLE_DEBUG_INFO = NO;
				MTL_FAST_MATH = YES;
				SDKROOT = iphoneos;
				SWIFT_COMPILATION_MODE = wholemodule;
				SWIFT_OPTIMIZATION_LEVEL = "-O";
				VALIDATE_PRODUCT = YES;
			};
			name = Production;
		};
		BEC55DFA2585EA2A007CF7D2 /* Production */ = {
			isa = XCBuildConfiguration;
			baseConfigurationReference = 7BDAC80D616800C03D690B9A /* Pods-ZemogaPost.production.xcconfig */;
			buildSettings = {
				ASSETCATALOG_COMPILER_APPICON_NAME = AppIcon;
				ASSETCATALOG_COMPILER_GLOBAL_ACCENT_COLOR_NAME = AccentColor;
				CODE_SIGN_STYLE = Automatic;
				INFOPLIST_FILE = ZemogaPost/Info.plist;
				LD_RUNPATH_SEARCH_PATHS = (
					"$(inherited)",
					"@executable_path/Frameworks",
				);
				PRODUCT_BUNDLE_IDENTIFIER = zemoga.test.ZemogaPost;
				PRODUCT_NAME = "$(TARGET_NAME)";
				SWIFT_VERSION = 5.0;
				TARGETED_DEVICE_FAMILY = 1;
			};
			name = Production;
		};
		BEC55DFB2585EA2A007CF7D2 /* Production */ = {
			isa = XCBuildConfiguration;
			baseConfigurationReference = 1775B7B3242AC71D0D4D1323 /* Pods-ZemogaPostTests.production.xcconfig */;
			buildSettings = {
				ALWAYS_EMBED_SWIFT_STANDARD_LIBRARIES = YES;
				BUNDLE_LOADER = "$(TEST_HOST)";
				CODE_SIGN_STYLE = Automatic;
				INFOPLIST_FILE = ZemogaPostTests/Info.plist;
				IPHONEOS_DEPLOYMENT_TARGET = 14.2;
				LD_RUNPATH_SEARCH_PATHS = (
					"$(inherited)",
					"@executable_path/Frameworks",
					"@loader_path/Frameworks",
				);
				PRODUCT_BUNDLE_IDENTIFIER = zemoga.test.ZemogaPostTests;
				PRODUCT_NAME = "$(TARGET_NAME)";
				SWIFT_VERSION = 5.0;
				TARGETED_DEVICE_FAMILY = "1,2";
				TEST_HOST = "$(BUILT_PRODUCTS_DIR)/ZemogaPost.app/ZemogaPost";
			};
			name = Production;
		};
		BEC55DFC2585EA2A007CF7D2 /* Production */ = {
			isa = XCBuildConfiguration;
			baseConfigurationReference = 29BA2B2952055016F448CC1D /* Pods-ZemogaPost-ZemogaPostUITests.production.xcconfig */;
			buildSettings = {
				ALWAYS_EMBED_SWIFT_STANDARD_LIBRARIES = YES;
				CODE_SIGN_STYLE = Automatic;
				INFOPLIST_FILE = ZemogaPostUITests/Info.plist;
				LD_RUNPATH_SEARCH_PATHS = (
					"$(inherited)",
					"@executable_path/Frameworks",
					"@loader_path/Frameworks",
				);
				PRODUCT_BUNDLE_IDENTIFIER = zemoga.test.ZemogaPostUITests;
				PRODUCT_NAME = "$(TARGET_NAME)";
				SWIFT_VERSION = 5.0;
				TARGETED_DEVICE_FAMILY = "1,2";
				TEST_TARGET_NAME = ZemogaPost;
			};
			name = Production;
		};
/* End XCBuildConfiguration section */

/* Begin XCConfigurationList section */
		BE547F842585741C004874D8 /* Build configuration list for PBXProject "ZemogaPost" */ = {
			isa = XCConfigurationList;
			buildConfigurations = (
				BE547FB42585741F004874D8 /* Debug */,
				BEC55DF52585EA1B007CF7D2 /* Development */,
				BE547FB52585741F004874D8 /* Release */,
				BEC55DF92585EA2A007CF7D2 /* Production */,
			);
			defaultConfigurationIsVisible = 0;
			defaultConfigurationName = Release;
		};
		BE547FB62585741F004874D8 /* Build configuration list for PBXNativeTarget "ZemogaPost" */ = {
			isa = XCConfigurationList;
			buildConfigurations = (
				BE547FB72585741F004874D8 /* Debug */,
				BEC55DF62585EA1B007CF7D2 /* Development */,
				BE547FB82585741F004874D8 /* Release */,
				BEC55DFA2585EA2A007CF7D2 /* Production */,
			);
			defaultConfigurationIsVisible = 0;
			defaultConfigurationName = Release;
		};
		BE547FB92585741F004874D8 /* Build configuration list for PBXNativeTarget "ZemogaPostTests" */ = {
			isa = XCConfigurationList;
			buildConfigurations = (
				BE547FBA2585741F004874D8 /* Debug */,
				BEC55DF72585EA1B007CF7D2 /* Development */,
				BE547FBB2585741F004874D8 /* Release */,
				BEC55DFB2585EA2A007CF7D2 /* Production */,
			);
			defaultConfigurationIsVisible = 0;
			defaultConfigurationName = Release;
		};
		BE547FBC2585741F004874D8 /* Build configuration list for PBXNativeTarget "ZemogaPostUITests" */ = {
			isa = XCConfigurationList;
			buildConfigurations = (
				BE547FBD2585741F004874D8 /* Debug */,
				BEC55DF82585EA1B007CF7D2 /* Development */,
				BE547FBE2585741F004874D8 /* Release */,
				BEC55DFC2585EA2A007CF7D2 /* Production */,
			);
			defaultConfigurationIsVisible = 0;
			defaultConfigurationName = Release;
		};
/* End XCConfigurationList section */

/* Begin XCVersionGroup section */
		BE547F952585741C004874D8 /* ZemogaPost.xcdatamodeld */ = {
			isa = XCVersionGroup;
			children = (
				BE547F962585741C004874D8 /* ZemogaPost.xcdatamodel */,
			);
			currentVersion = BE547F962585741C004874D8 /* ZemogaPost.xcdatamodel */;
			path = ZemogaPost.xcdatamodeld;
			sourceTree = "<group>";
			versionGroupType = wrapper.xcdatamodel;
		};
/* End XCVersionGroup section */
	};
	rootObject = BE547F812585741C004874D8 /* Project object */;
}
